
Microsoft Visual Studio Solution File, Format Version 12.00
# Visual Studio Version 17
VisualStudioVersion = 17.0.32112.339
MinimumVisualStudioVersion = 10.0.40219.1
Project("{2150E333-8FDC-42A3-9474-1A3956D46DE8}") = "1 - Distribuition", "1 - Distribuition", "{0777BEBB-FA29-4D48-AA29-A19F2F99FC11}"
EndProject
Project("{2150E333-8FDC-42A3-9474-1A3956D46DE8}") = "2 - Application", "2 - Application", "{84206F84-13E5-4D8B-BB94-25F80436285D}"
EndProject
Project("{2150E333-8FDC-42A3-9474-1A3956D46DE8}") = "3 - Domain", "3 - Domain", "{935E0EB4-1655-452D-9503-C1E4285DB6B6}"
EndProject
Project("{2150E333-8FDC-42A3-9474-1A3956D46DE8}") = "4 - Infra", "4 - Infra", "{B886DADD-62B2-44D6-803C-78B6FC6DA84D}"
EndProject
Project("{2150E333-8FDC-42A3-9474-1A3956D46DE8}") = "Tests", "Tests", "{0A925A15-9863-4AF2-9CF7-264A88201A64}"
EndProject
Project("{9A19103F-16F7-4668-BE54-9A1E7A4F7556}") = "ComicShop.Domain", "ComicShop.Domain\ComicShop.Domain.csproj", "{3E8E64BD-BED9-46E8-90D3-D6CF9006BDF4}"
EndProject
Project("{9A19103F-16F7-4668-BE54-9A1E7A4F7556}") = "ComicShop.Infra.Data", "ComicShop.Infra.Data\ComicShop.Infra.Data.csproj", "{5381E9E1-E7D4-4305-B4D1-5C241F40BE09}"
EndProject
Project("{9A19103F-16F7-4668-BE54-9A1E7A4F7556}") = "ComicShop.WebApi", "ComicShop.WebApi\ComicShop.WebApi.csproj", "{1D4D9ADC-2423-403B-86CB-2384693B41CF}"
EndProject
Project("{9A19103F-16F7-4668-BE54-9A1E7A4F7556}") = "ComicShop.Application", "ComicShop.Application\ComicShop.Application.csproj", "{34C3F5D8-F705-43C2-A05A-3F86DDC314C0}"
EndProject
Project("{2150E333-8FDC-42A3-9474-1A3956D46DE8}") = "Solution Items", "Solution Items", "{CF813858-1E36-4DA8-B35A-1F15871179EB}"
	ProjectSection(SolutionItems) = preProject
		.editorconfig = .editorconfig
	EndProjectSection
EndProject
Project("{9A19103F-16F7-4668-BE54-9A1E7A4F7556}") = "ComicShop.Infra", "ComicShop.Infra\ComicShop.Infra.csproj", "{26D63448-24CA-4D15-8793-1D1D90BD2CA6}"
EndProject
Project("{FAE04EC0-301F-11D3-BF4B-00C04F79EFBC}") = "ComicShop.UnitTests", "ComicShop.UnitTests\ComicShop.UnitTests.csproj", "{556BD4E6-923B-4F25-9471-CE4C6CD9DE3D}"
EndProject
Project("{FAE04EC0-301F-11D3-BF4B-00C04F79EFBC}") = "ComicShop.Tests.Common", "ComicShop.Tests.Common\ComicShop.Tests.Common.csproj", "{8FA04AD7-BF4D-47B3-8A4B-7DA057387CA2}"
EndProject
Global
	GlobalSection(SolutionConfigurationPlatforms) = preSolution
		Debug|Any CPU = Debug|Any CPU
		Release|Any CPU = Release|Any CPU
	EndGlobalSection
	GlobalSection(ProjectConfigurationPlatforms) = postSolution
		{3E8E64BD-BED9-46E8-90D3-D6CF9006BDF4}.Debug|Any CPU.ActiveCfg = Debug|Any CPU
		{3E8E64BD-BED9-46E8-90D3-D6CF9006BDF4}.Debug|Any CPU.Build.0 = Debug|Any CPU
		{3E8E64BD-BED9-46E8-90D3-D6CF9006BDF4}.Release|Any CPU.ActiveCfg = Release|Any CPU
		{3E8E64BD-BED9-46E8-90D3-D6CF9006BDF4}.Release|Any CPU.Build.0 = Release|Any CPU
		{5381E9E1-E7D4-4305-B4D1-5C241F40BE09}.Debug|Any CPU.ActiveCfg = Debug|Any CPU
		{5381E9E1-E7D4-4305-B4D1-5C241F40BE09}.Debug|Any CPU.Build.0 = Debug|Any CPU
		{5381E9E1-E7D4-4305-B4D1-5C241F40BE09}.Release|Any CPU.ActiveCfg = Release|Any CPU
		{5381E9E1-E7D4-4305-B4D1-5C241F40BE09}.Release|Any CPU.Build.0 = Release|Any CPU
		{1D4D9ADC-2423-403B-86CB-2384693B41CF}.Debug|Any CPU.ActiveCfg = Debug|Any CPU
		{1D4D9ADC-2423-403B-86CB-2384693B41CF}.Debug|Any CPU.Build.0 = Debug|Any CPU
		{1D4D9ADC-2423-403B-86CB-2384693B41CF}.Release|Any CPU.ActiveCfg = Release|Any CPU
		{1D4D9ADC-2423-403B-86CB-2384693B41CF}.Release|Any CPU.Build.0 = Release|Any CPU
		{34C3F5D8-F705-43C2-A05A-3F86DDC314C0}.Debug|Any CPU.ActiveCfg = Debug|Any CPU
		{34C3F5D8-F705-43C2-A05A-3F86DDC314C0}.Debug|Any CPU.Build.0 = Debug|Any CPU
		{34C3F5D8-F705-43C2-A05A-3F86DDC314C0}.Release|Any CPU.ActiveCfg = Release|Any CPU
		{34C3F5D8-F705-43C2-A05A-3F86DDC314C0}.Release|Any CPU.Build.0 = Release|Any CPU
		{26D63448-24CA-4D15-8793-1D1D90BD2CA6}.Debug|Any CPU.ActiveCfg = Debug|Any CPU
		{26D63448-24CA-4D15-8793-1D1D90BD2CA6}.Debug|Any CPU.Build.0 = Debug|Any CPU
		{26D63448-24CA-4D15-8793-1D1D90BD2CA6}.Release|Any CPU.ActiveCfg = Release|Any CPU
		{26D63448-24CA-4D15-8793-1D1D90BD2CA6}.Release|Any CPU.Build.0 = Release|Any CPU
		{556BD4E6-923B-4F25-9471-CE4C6CD9DE3D}.Debug|Any CPU.ActiveCfg = Debug|Any CPU
		{556BD4E6-923B-4F25-9471-CE4C6CD9DE3D}.Debug|Any CPU.Build.0 = Debug|Any CPU
		{556BD4E6-923B-4F25-9471-CE4C6CD9DE3D}.Release|Any CPU.ActiveCfg = Release|Any CPU
		{556BD4E6-923B-4F25-9471-CE4C6CD9DE3D}.Release|Any CPU.Build.0 = Release|Any CPU
		{8FA04AD7-BF4D-47B3-8A4B-7DA057387CA2}.Debug|Any CPU.ActiveCfg = Debug|Any CPU
		{8FA04AD7-BF4D-47B3-8A4B-7DA057387CA2}.Debug|Any CPU.Build.0 = Debug|Any CPU
		{8FA04AD7-BF4D-47B3-8A4B-7DA057387CA2}.Release|Any CPU.ActiveCfg = Release|Any CPU
		{8FA04AD7-BF4D-47B3-8A4B-7DA057387CA2}.Release|Any CPU.Build.0 = Release|Any CPU
	EndGlobalSection
	GlobalSection(SolutionProperties) = preSolution
		HideSolutionNode = FALSE
	EndGlobalSection
	GlobalSection(NestedProjects) = preSolution
		{3E8E64BD-BED9-46E8-90D3-D6CF9006BDF4} = {935E0EB4-1655-452D-9503-C1E4285DB6B6}
		{5381E9E1-E7D4-4305-B4D1-5C241F40BE09} = {B886DADD-62B2-44D6-803C-78B6FC6DA84D}
		{1D4D9ADC-2423-403B-86CB-2384693B41CF} = {0777BEBB-FA29-4D48-AA29-A19F2F99FC11}
		{34C3F5D8-F705-43C2-A05A-3F86DDC314C0} = {84206F84-13E5-4D8B-BB94-25F80436285D}
		{26D63448-24CA-4D15-8793-1D1D90BD2CA6} = {B886DADD-62B2-44D6-803C-78B6FC6DA84D}
		{556BD4E6-923B-4F25-9471-CE4C6CD9DE3D} = {0A925A15-9863-4AF2-9CF7-264A88201A64}
		{8FA04AD7-BF4D-47B3-8A4B-7DA057387CA2} = {0A925A15-9863-4AF2-9CF7-264A88201A64}
	EndGlobalSection
	GlobalSection(ExtensibilityGlobals) = postSolution
		SolutionGuid = {4548CA35-20BD-4D83-8FFD-49C94AAA146B}
	EndGlobalSection
EndGlobal
